// !$*UTF8*$!
{
	archiveVersion = 1;
	classes = {
	};
	objectVersion = 50;
	objects = {

/* Begin PBXBuildFile section */
		6F228E2F2692A23A0077F101 /* Tests_iOS.swift in Sources */ = {isa = PBXBuildFile; fileRef = 6F228E2E2692A23A0077F101 /* Tests_iOS.swift */; };
		6F228E3A2692A23A0077F101 /* Tests_macOS.swift in Sources */ = {isa = PBXBuildFile; fileRef = 6F228E392692A23A0077F101 /* Tests_macOS.swift */; };
		6F228E3C2692A23A0077F101 /* Swift_ProjectApp.swift in Sources */ = {isa = PBXBuildFile; fileRef = 6F228E132692A2390077F101 /* Swift_ProjectApp.swift */; };
		6F228E3D2692A23A0077F101 /* Swift_ProjectApp.swift in Sources */ = {isa = PBXBuildFile; fileRef = 6F228E132692A2390077F101 /* Swift_ProjectApp.swift */; };
		6F228E3E2692A23A0077F101 /* ContentView.swift in Sources */ = {isa = PBXBuildFile; fileRef = 6F228E142692A2390077F101 /* ContentView.swift */; };
		6F228E3F2692A23A0077F101 /* ContentView.swift in Sources */ = {isa = PBXBuildFile; fileRef = 6F228E142692A2390077F101 /* ContentView.swift */; };
		6F228E402692A23A0077F101 /* Assets.xcassets in Resources */ = {isa = PBXBuildFile; fileRef = 6F228E152692A23A0077F101 /* Assets.xcassets */; };
		6F228E412692A23A0077F101 /* Assets.xcassets in Resources */ = {isa = PBXBuildFile; fileRef = 6F228E152692A23A0077F101 /* Assets.xcassets */; };
		6F228E562692A97C0077F101 /* ViewController.swift in Sources */ = {isa = PBXBuildFile; fileRef = 6F228E552692A97C0077F101 /* ViewController.swift */; };
		6F228E572692A97C0077F101 /* ViewController.swift in Sources */ = {isa = PBXBuildFile; fileRef = 6F228E552692A97C0077F101 /* ViewController.swift */; };
		6F228E582692A97C0077F101 /* ViewController.swift in Sources */ = {isa = PBXBuildFile; fileRef = 6F228E552692A97C0077F101 /* ViewController.swift */; };
		6F228E592692A97C0077F101 /* ViewController.swift in Sources */ = {isa = PBXBuildFile; fileRef = 6F228E552692A97C0077F101 /* ViewController.swift */; };
		6F228E5B2692AF7C0077F101 /* VideoCollectionViewCell.swift in Sources */ = {isa = PBXBuildFile; fileRef = 6F228E5A2692AF7C0077F101 /* VideoCollectionViewCell.swift */; };
		6F228E5C2692AF7C0077F101 /* VideoCollectionViewCell.swift in Sources */ = {isa = PBXBuildFile; fileRef = 6F228E5A2692AF7C0077F101 /* VideoCollectionViewCell.swift */; };
		6F228E5D2692AF7C0077F101 /* VideoCollectionViewCell.swift in Sources */ = {isa = PBXBuildFile; fileRef = 6F228E5A2692AF7C0077F101 /* VideoCollectionViewCell.swift */; };
		6F228E5E2692AF7C0077F101 /* VideoCollectionViewCell.swift in Sources */ = {isa = PBXBuildFile; fileRef = 6F228E5A2692AF7C0077F101 /* VideoCollectionViewCell.swift */; };
/* End PBXBuildFile section */

/* Begin PBXContainerItemProxy section */
		6F228E2B2692A23A0077F101 /* PBXContainerItemProxy */ = {
			isa = PBXContainerItemProxy;
			containerPortal = 6F228E0E2692A2390077F101 /* Project object */;
			proxyType = 1;
			remoteGlobalIDString = 6F228E192692A23A0077F101;
			remoteInfo = "Swift Project (iOS)";
		};
		6F228E362692A23A0077F101 /* PBXContainerItemProxy */ = {
			isa = PBXContainerItemProxy;
			containerPortal = 6F228E0E2692A2390077F101 /* Project object */;
			proxyType = 1;
			remoteGlobalIDString = 6F228E212692A23A0077F101;
			remoteInfo = "Swift Project (macOS)";
		};
/* End PBXContainerItemProxy section */

/* Begin PBXFileReference section */
		6F228E132692A2390077F101 /* Swift_ProjectApp.swift */ = {isa = PBXFileReference; lastKnownFileType = sourcecode.swift; path = Swift_ProjectApp.swift; sourceTree = "<group>"; };
		6F228E142692A2390077F101 /* ContentView.swift */ = {isa = PBXFileReference; lastKnownFileType = sourcecode.swift; path = ContentView.swift; sourceTree = "<group>"; };
		6F228E152692A23A0077F101 /* Assets.xcassets */ = {isa = PBXFileReference; lastKnownFileType = folder.assetcatalog; path = Assets.xcassets; sourceTree = "<group>"; };
		6F228E1A2692A23A0077F101 /* Swift Project.app */ = {isa = PBXFileReference; explicitFileType = wrapper.application; includeInIndex = 0; path = "Swift Project.app"; sourceTree = BUILT_PRODUCTS_DIR; };
		6F228E1D2692A23A0077F101 /* Info.plist */ = {isa = PBXFileReference; lastKnownFileType = text.plist.xml; path = Info.plist; sourceTree = "<group>"; };
		6F228E222692A23A0077F101 /* Swift Project.app */ = {isa = PBXFileReference; explicitFileType = wrapper.application; includeInIndex = 0; path = "Swift Project.app"; sourceTree = BUILT_PRODUCTS_DIR; };
		6F228E242692A23A0077F101 /* Info.plist */ = {isa = PBXFileReference; lastKnownFileType = text.plist.xml; path = Info.plist; sourceTree = "<group>"; };
		6F228E252692A23A0077F101 /* macOS.entitlements */ = {isa = PBXFileReference; lastKnownFileType = text.plist.entitlements; path = macOS.entitlements; sourceTree = "<group>"; };
		6F228E2A2692A23A0077F101 /* Tests iOS.xctest */ = {isa = PBXFileReference; explicitFileType = wrapper.cfbundle; includeInIndex = 0; path = "Tests iOS.xctest"; sourceTree = BUILT_PRODUCTS_DIR; };
		6F228E2E2692A23A0077F101 /* Tests_iOS.swift */ = {isa = PBXFileReference; lastKnownFileType = sourcecode.swift; path = Tests_iOS.swift; sourceTree = "<group>"; };
		6F228E302692A23A0077F101 /* Info.plist */ = {isa = PBXFileReference; lastKnownFileType = text.plist.xml; path = Info.plist; sourceTree = "<group>"; };
		6F228E352692A23A0077F101 /* Tests macOS.xctest */ = {isa = PBXFileReference; explicitFileType = wrapper.cfbundle; includeInIndex = 0; path = "Tests macOS.xctest"; sourceTree = BUILT_PRODUCTS_DIR; };
		6F228E392692A23A0077F101 /* Tests_macOS.swift */ = {isa = PBXFileReference; lastKnownFileType = sourcecode.swift; path = Tests_macOS.swift; sourceTree = "<group>"; };
		6F228E3B2692A23A0077F101 /* Info.plist */ = {isa = PBXFileReference; lastKnownFileType = text.plist.xml; path = Info.plist; sourceTree = "<group>"; };
		6F228E552692A97C0077F101 /* ViewController.swift */ = {isa = PBXFileReference; lastKnownFileType = sourcecode.swift; path = ViewController.swift; sourceTree = "<group>"; };
		6F228E5A2692AF7C0077F101 /* VideoCollectionViewCell.swift */ = {isa = PBXFileReference; lastKnownFileType = sourcecode.swift; path = VideoCollectionViewCell.swift; sourceTree = "<group>"; };
/* End PBXFileReference section */

/* Begin PBXFrameworksBuildPhase section */
		6F228E172692A23A0077F101 /* Frameworks */ = {
			isa = PBXFrameworksBuildPhase;
			buildActionMask = 2147483647;
			files = (
			);
			runOnlyForDeploymentPostprocessing = 0;
		};
		6F228E1F2692A23A0077F101 /* Frameworks */ = {
			isa = PBXFrameworksBuildPhase;
			buildActionMask = 2147483647;
			files = (
			);
			runOnlyForDeploymentPostprocessing = 0;
		};
		6F228E272692A23A0077F101 /* Frameworks */ = {
			isa = PBXFrameworksBuildPhase;
			buildActionMask = 2147483647;
			files = (
			);
			runOnlyForDeploymentPostprocessing = 0;
		};
		6F228E322692A23A0077F101 /* Frameworks */ = {
			isa = PBXFrameworksBuildPhase;
			buildActionMask = 2147483647;
			files = (
			);
			runOnlyForDeploymentPostprocessing = 0;
		};
/* End PBXFrameworksBuildPhase section */

/* Begin PBXGroup section */
		6F228E0D2692A2390077F101 = {
			isa = PBXGroup;
			children = (
				6F228E122692A2390077F101 /* Shared */,
				6F228E1C2692A23A0077F101 /* iOS */,
				6F228E232692A23A0077F101 /* macOS */,
				6F228E2D2692A23A0077F101 /* Tests iOS */,
				6F228E382692A23A0077F101 /* Tests macOS */,
				6F228E1B2692A23A0077F101 /* Products */,
			);
			sourceTree = "<group>";
		};
		6F228E122692A2390077F101 /* Shared */ = {
			isa = PBXGroup;
			children = (
				6F228E132692A2390077F101 /* Swift_ProjectApp.swift */,
				6F228E142692A2390077F101 /* ContentView.swift */,
				6F228E552692A97C0077F101 /* ViewController.swift */,
				6F228E152692A23A0077F101 /* Assets.xcassets */,
				6F228E5A2692AF7C0077F101 /* VideoCollectionViewCell.swift */,
			);
			path = Shared;
			sourceTree = "<group>";
		};
		6F228E1B2692A23A0077F101 /* Products */ = {
			isa = PBXGroup;
			children = (
				6F228E1A2692A23A0077F101 /* Swift Project.app */,
				6F228E222692A23A0077F101 /* Swift Project.app */,
				6F228E2A2692A23A0077F101 /* Tests iOS.xctest */,
				6F228E352692A23A0077F101 /* Tests macOS.xctest */,
			);
			name = Products;
			sourceTree = "<group>";
		};
		6F228E1C2692A23A0077F101 /* iOS */ = {
			isa = PBXGroup;
			children = (
				6F228E1D2692A23A0077F101 /* Info.plist */,
			);
			path = iOS;
			sourceTree = "<group>";
		};
		6F228E232692A23A0077F101 /* macOS */ = {
			isa = PBXGroup;
			children = (
				6F228E242692A23A0077F101 /* Info.plist */,
				6F228E252692A23A0077F101 /* macOS.entitlements */,
			);
			path = macOS;
			sourceTree = "<group>";
		};
		6F228E2D2692A23A0077F101 /* Tests iOS */ = {
			isa = PBXGroup;
			children = (
				6F228E2E2692A23A0077F101 /* Tests_iOS.swift */,
				6F228E302692A23A0077F101 /* Info.plist */,
			);
			path = "Tests iOS";
			sourceTree = "<group>";
		};
		6F228E382692A23A0077F101 /* Tests macOS */ = {
			isa = PBXGroup;
			children = (
				6F228E392692A23A0077F101 /* Tests_macOS.swift */,
				6F228E3B2692A23A0077F101 /* Info.plist */,
			);
			path = "Tests macOS";
			sourceTree = "<group>";
		};
/* End PBXGroup section */

/* Begin PBXNativeTarget section */
		6F228E192692A23A0077F101 /* Swift Project (iOS) */ = {
			isa = PBXNativeTarget;
			buildConfigurationList = 6F228E442692A23A0077F101 /* Build configuration list for PBXNativeTarget "Swift Project (iOS)" */;
			buildPhases = (
				6F228E162692A23A0077F101 /* Sources */,
				6F228E172692A23A0077F101 /* Frameworks */,
				6F228E182692A23A0077F101 /* Resources */,
			);
			buildRules = (
			);
			dependencies = (
			);
			name = "Swift Project (iOS)";
			productName = "Swift Project (iOS)";
			productReference = 6F228E1A2692A23A0077F101 /* Swift Project.app */;
			productType = "com.apple.product-type.application";
		};
		6F228E212692A23A0077F101 /* Swift Project (macOS) */ = {
			isa = PBXNativeTarget;
			buildConfigurationList = 6F228E472692A23A0077F101 /* Build configuration list for PBXNativeTarget "Swift Project (macOS)" */;
			buildPhases = (
				6F228E1E2692A23A0077F101 /* Sources */,
				6F228E1F2692A23A0077F101 /* Frameworks */,
				6F228E202692A23A0077F101 /* Resources */,
			);
			buildRules = (
			);
			dependencies = (
			);
			name = "Swift Project (macOS)";
			productName = "Swift Project (macOS)";
			productReference = 6F228E222692A23A0077F101 /* Swift Project.app */;
			productType = "com.apple.product-type.application";
		};
		6F228E292692A23A0077F101 /* Tests iOS */ = {
			isa = PBXNativeTarget;
			buildConfigurationList = 6F228E4A2692A23A0077F101 /* Build configuration list for PBXNativeTarget "Tests iOS" */;
			buildPhases = (
				6F228E262692A23A0077F101 /* Sources */,
				6F228E272692A23A0077F101 /* Frameworks */,
				6F228E282692A23A0077F101 /* Resources */,
			);
			buildRules = (
			);
			dependencies = (
				6F228E2C2692A23A0077F101 /* PBXTargetDependency */,
			);
			name = "Tests iOS";
			productName = "Tests iOS";
			productReference = 6F228E2A2692A23A0077F101 /* Tests iOS.xctest */;
			productType = "com.apple.product-type.bundle.ui-testing";
		};
		6F228E342692A23A0077F101 /* Tests macOS */ = {
			isa = PBXNativeTarget;
			buildConfigurationList = 6F228E4D2692A23A0077F101 /* Build configuration list for PBXNativeTarget "Tests macOS" */;
			buildPhases = (
				6F228E312692A23A0077F101 /* Sources */,
				6F228E322692A23A0077F101 /* Frameworks */,
				6F228E332692A23A0077F101 /* Resources */,
			);
			buildRules = (
			);
			dependencies = (
				6F228E372692A23A0077F101 /* PBXTargetDependency */,
			);
			name = "Tests macOS";
			productName = "Tests macOS";
			productReference = 6F228E352692A23A0077F101 /* Tests macOS.xctest */;
			productType = "com.apple.product-type.bundle.ui-testing";
		};
/* End PBXNativeTarget section */

/* Begin PBXProject section */
		6F228E0E2692A2390077F101 /* Project object */ = {
			isa = PBXProject;
			attributes = {
				LastSwiftUpdateCheck = 1250;
				LastUpgradeCheck = 1250;
				TargetAttributes = {
					6F228E192692A23A0077F101 = {
						CreatedOnToolsVersion = 12.5.1;
					};
					6F228E212692A23A0077F101 = {
						CreatedOnToolsVersion = 12.5.1;
					};
					6F228E292692A23A0077F101 = {
						CreatedOnToolsVersion = 12.5.1;
						TestTargetID = 6F228E192692A23A0077F101;
					};
					6F228E342692A23A0077F101 = {
						CreatedOnToolsVersion = 12.5.1;
						TestTargetID = 6F228E212692A23A0077F101;
					};
				};
			};
			buildConfigurationList = 6F228E112692A2390077F101 /* Build configuration list for PBXProject "Swift Project" */;
			compatibilityVersion = "Xcode 9.3";
			developmentRegion = en;
			hasScannedForEncodings = 0;
			knownRegions = (
				en,
				Base,
			);
			mainGroup = 6F228E0D2692A2390077F101;
			productRefGroup = 6F228E1B2692A23A0077F101 /* Products */;
			projectDirPath = "";
			projectRoot = "";
			targets = (
				6F228E192692A23A0077F101 /* Swift Project (iOS) */,
				6F228E212692A23A0077F101 /* Swift Project (macOS) */,
				6F228E292692A23A0077F101 /* Tests iOS */,
				6F228E342692A23A0077F101 /* Tests macOS */,
			);
		};
/* End PBXProject section */

/* Begin PBXResourcesBuildPhase section */
		6F228E182692A23A0077F101 /* Resources */ = {
			isa = PBXResourcesBuildPhase;
			buildActionMask = 2147483647;
			files = (
				6F228E402692A23A0077F101 /* Assets.xcassets in Resources */,
			);
			runOnlyForDeploymentPostprocessing = 0;
		};
		6F228E202692A23A0077F101 /* Resources */ = {
			isa = PBXResourcesBuildPhase;
			buildActionMask = 2147483647;
			files = (
				6F228E412692A23A0077F101 /* Assets.xcassets in Resources */,
			);
			runOnlyForDeploymentPostprocessing = 0;
		};
		6F228E282692A23A0077F101 /* Resources */ = {
			isa = PBXResourcesBuildPhase;
			buildActionMask = 2147483647;
			files = (
			);
			runOnlyForDeploymentPostprocessing = 0;
		};
		6F228E332692A23A0077F101 /* Resources */ = {
			isa = PBXResourcesBuildPhase;
			buildActionMask = 2147483647;
			files = (
			);
			runOnlyForDeploymentPostprocessing = 0;
		};
/* End PBXResourcesBuildPhase section */

/* Begin PBXSourcesBuildPhase section */
		6F228E162692A23A0077F101 /* Sources */ = {
			isa = PBXSourcesBuildPhase;
			buildActionMask = 2147483647;
			files = (
				6F228E562692A97C0077F101 /* ViewController.swift in Sources */,
				6F228E3E2692A23A0077F101 /* ContentView.swift in Sources */,
				6F228E5B2692AF7C0077F101 /* VideoCollectionViewCell.swift in Sources */,
				6F228E3C2692A23A0077F101 /* Swift_ProjectApp.swift in Sources */,
			);
			runOnlyForDeploymentPostprocessing = 0;
		};
		6F228E1E2692A23A0077F101 /* Sources */ = {
			isa = PBXSourcesBuildPhase;
			buildActionMask = 2147483647;
			files = (
				6F228E572692A97C0077F101 /* ViewController.swift in Sources */,
				6F228E3F2692A23A0077F101 /* ContentView.swift in Sources */,
				6F228E5C2692AF7C0077F101 /* VideoCollectionViewCell.swift in Sources */,
				6F228E3D2692A23A0077F101 /* Swift_ProjectApp.swift in Sources */,
			);
			runOnlyForDeploymentPostprocessing = 0;
		};
		6F228E262692A23A0077F101 /* Sources */ = {
			isa = PBXSourcesBuildPhase;
			buildActionMask = 2147483647;
			files = (
				6F228E5D2692AF7C0077F101 /* VideoCollectionViewCell.swift in Sources */,
				6F228E582692A97C0077F101 /* ViewController.swift in Sources */,
				6F228E2F2692A23A0077F101 /* Tests_iOS.swift in Sources */,
			);
			runOnlyForDeploymentPostprocessing = 0;
		};
		6F228E312692A23A0077F101 /* Sources */ = {
			isa = PBXSourcesBuildPhase;
			buildActionMask = 2147483647;
			files = (
				6F228E5E2692AF7C0077F101 /* VideoCollectionViewCell.swift in Sources */,
				6F228E592692A97C0077F101 /* ViewController.swift in Sources */,
				6F228E3A2692A23A0077F101 /* Tests_macOS.swift in Sources */,
			);
			runOnlyForDeploymentPostprocessing = 0;
		};
/* End PBXSourcesBuildPhase section */

/* Begin PBXTargetDependency section */
		6F228E2C2692A23A0077F101 /* PBXTargetDependency */ = {
			isa = PBXTargetDependency;
			target = 6F228E192692A23A0077F101 /* Swift Project (iOS) */;
			targetProxy = 6F228E2B2692A23A0077F101 /* PBXContainerItemProxy */;
		};
		6F228E372692A23A0077F101 /* PBXTargetDependency */ = {
			isa = PBXTargetDependency;
			target = 6F228E212692A23A0077F101 /* Swift Project (macOS) */;
			targetProxy = 6F228E362692A23A0077F101 /* PBXContainerItemProxy */;
		};
/* End PBXTargetDependency section */

/* Begin XCBuildConfiguration section */
		6F228E422692A23A0077F101 /* Debug */ = {
			isa = XCBuildConfiguration;
			buildSettings = {
				ALWAYS_SEARCH_USER_PATHS = NO;
				CLANG_ANALYZER_NONNULL = YES;
				CLANG_ANALYZER_NUMBER_OBJECT_CONVERSION = YES_AGGRESSIVE;
				CLANG_CXX_LANGUAGE_STANDARD = "gnu++14";
				CLANG_CXX_LIBRARY = "libc++";
				CLANG_ENABLE_MODULES = YES;
				CLANG_ENABLE_OBJC_ARC = YES;
				CLANG_ENABLE_OBJC_WEAK = YES;
				CLANG_WARN_BLOCK_CAPTURE_AUTORELEASING = YES;
				CLANG_WARN_BOOL_CONVERSION = YES;
				CLANG_WARN_COMMA = YES;
				CLANG_WARN_CONSTANT_CONVERSION = YES;
				CLANG_WARN_DEPRECATED_OBJC_IMPLEMENTATIONS = YES;
				CLANG_WARN_DIRECT_OBJC_ISA_USAGE = YES_ERROR;
				CLANG_WARN_DOCUMENTATION_COMMENTS = YES;
				CLANG_WARN_EMPTY_BODY = YES;
				CLANG_WARN_ENUM_CONVERSION = YES;
				CLANG_WARN_INFINITE_RECURSION = YES;
				CLANG_WARN_INT_CONVERSION = YES;
				CLANG_WARN_NON_LITERAL_NULL_CONVERSION = YES;
				CLANG_WARN_OBJC_IMPLICIT_RETAIN_SELF = YES;
				CLANG_WARN_OBJC_LITERAL_CONVERSION = YES;
				CLANG_WARN_OBJC_ROOT_CLASS = YES_ERROR;
				CLANG_WARN_QUOTED_INCLUDE_IN_FRAMEWORK_HEADER = YES;
				CLANG_WARN_RANGE_LOOP_ANALYSIS = YES;
				CLANG_WARN_STRICT_PROTOTYPES = YES;
				CLANG_WARN_SUSPICIOUS_MOVE = YES;
				CLANG_WARN_UNGUARDED_AVAILABILITY = YES_AGGRESSIVE;
				CLANG_WARN_UNREACHABLE_CODE = YES;
				CLANG_WARN__DUPLICATE_METHOD_MATCH = YES;
				COPY_PHASE_STRIP = NO;
				DEBUG_INFORMATION_FORMAT = dwarf;
				ENABLE_STRICT_OBJC_MSGSEND = YES;
				ENABLE_TESTABILITY = YES;
				GCC_C_LANGUAGE_STANDARD = gnu11;
				GCC_DYNAMIC_NO_PIC = NO;
				GCC_NO_COMMON_BLOCKS = YES;
				GCC_OPTIMIZATION_LEVEL = 0;
				GCC_PREPROCESSOR_DEFINITIONS = (
					"DEBUG=1",
					"$(inherited)",
				);
				GCC_WARN_64_TO_32_BIT_CONVERSION = YES;
				GCC_WARN_ABOUT_RETURN_TYPE = YES_ERROR;
				GCC_WARN_UNDECLARED_SELECTOR = YES;
				GCC_WARN_UNINITIALIZED_AUTOS = YES_AGGRESSIVE;
				GCC_WARN_UNUSED_FUNCTION = YES;
				GCC_WARN_UNUSED_VARIABLE = YES;
				MTL_ENABLE_DEBUG_INFO = INCLUDE_SOURCE;
				MTL_FAST_MATH = YES;
				ONLY_ACTIVE_ARCH = YES;
				SWIFT_ACTIVE_COMPILATION_CONDITIONS = DEBUG;
				SWIFT_OPTIMIZATION_LEVEL = "-Onone";
			};
			name = Debug;
		};
		6F228E432692A23A0077F101 /* Release */ = {
			isa = XCBuildConfiguration;
			buildSettings = {
				ALWAYS_SEARCH_USER_PATHS = NO;
				CLANG_ANALYZER_NONNULL = YES;
				CLANG_ANALYZER_NUMBER_OBJECT_CONVERSION = YES_AGGRESSIVE;
				CLANG_CXX_LANGUAGE_STANDARD = "gnu++14";
				CLANG_CXX_LIBRARY = "libc++";
				CLANG_ENABLE_MODULES = YES;
				CLANG_ENABLE_OBJC_ARC = YES;
				CLANG_ENABLE_OBJC_WEAK = YES;
				CLANG_WARN_BLOCK_CAPTURE_AUTORELEASING = YES;
				CLANG_WARN_BOOL_CONVERSION = YES;
				CLANG_WARN_COMMA = YES;
				CLANG_WARN_CONSTANT_CONVERSION = YES;
				CLANG_WARN_DEPRECATED_OBJC_IMPLEMENTATIONS = YES;
				CLANG_WARN_DIRECT_OBJC_ISA_USAGE = YES_ERROR;
				CLANG_WARN_DOCUMENTATION_COMMENTS = YES;
				CLANG_WARN_EMPTY_BODY = YES;
				CLANG_WARN_ENUM_CONVERSION = YES;
				CLANG_WARN_INFINITE_RECURSION = YES;
				CLANG_WARN_INT_CONVERSION = YES;
				CLANG_WARN_NON_LITERAL_NULL_CONVERSION = YES;
				CLANG_WARN_OBJC_IMPLICIT_RETAIN_SELF = YES;
				CLANG_WARN_OBJC_LITERAL_CONVERSION = YES;
				CLANG_WARN_OBJC_ROOT_CLASS = YES_ERROR;
				CLANG_WARN_QUOTED_INCLUDE_IN_FRAMEWORK_HEADER = YES;
				CLANG_WARN_RANGE_LOOP_ANALYSIS = YES;
				CLANG_WARN_STRICT_PROTOTYPES = YES;
				CLANG_WARN_SUSPICIOUS_MOVE = YES;
				CLANG_WARN_UNGUARDED_AVAILABILITY = YES_AGGRESSIVE;
				CLANG_WARN_UNREACHABLE_CODE = YES;
				CLANG_WARN__DUPLICATE_METHOD_MATCH = YES;
				COPY_PHASE_STRIP = NO;
				DEBUG_INFORMATION_FORMAT = "dwarf-with-dsym";
				ENABLE_NS_ASSERTIONS = NO;
				ENABLE_STRICT_OBJC_MSGSEND = YES;
				GCC_C_LANGUAGE_STANDARD = gnu11;
				GCC_NO_COMMON_BLOCKS = YES;
				GCC_WARN_64_TO_32_BIT_CONVERSION = YES;
				GCC_WARN_ABOUT_RETURN_TYPE = YES_ERROR;
				GCC_WARN_UNDECLARED_SELECTOR = YES;
				GCC_WARN_UNINITIALIZED_AUTOS = YES_AGGRESSIVE;
				GCC_WARN_UNUSED_FUNCTION = YES;
				GCC_WARN_UNUSED_VARIABLE = YES;
				MTL_ENABLE_DEBUG_INFO = NO;
				MTL_FAST_MATH = YES;
				SWIFT_COMPILATION_MODE = wholemodule;
				SWIFT_OPTIMIZATION_LEVEL = "-O";
			};
			name = Release;
		};
		6F228E452692A23A0077F101 /* Debug */ = {
			isa = XCBuildConfiguration;
			buildSettings = {
				ASSETCATALOG_COMPILER_APPICON_NAME = AppIcon;
				ASSETCATALOG_COMPILER_GLOBAL_ACCENT_COLOR_NAME = AccentColor;
				CODE_SIGN_STYLE = Automatic;
				ENABLE_PREVIEWS = YES;
				INFOPLIST_FILE = iOS/Info.plist;
				IPHONEOS_DEPLOYMENT_TARGET = 14.0;
				LD_RUNPATH_SEARCH_PATHS = (
					"$(inherited)",
					"@executable_path/Frameworks",
				);
				PRODUCT_BUNDLE_IDENTIFIER = "com.app.swift.Swift-Project";
				PRODUCT_NAME = "Swift Project";
				SDKROOT = iphoneos;
				SWIFT_VERSION = 5.0;
				TARGETED_DEVICE_FAMILY = "1,2";
			};
			name = Debug;
		};
		6F228E462692A23A0077F101 /* Release */ = {
			isa = XCBuildConfiguration;
			buildSettings = {
				ASSETCATALOG_COMPILER_APPICON_NAME = AppIcon;
				ASSETCATALOG_COMPILER_GLOBAL_ACCENT_COLOR_NAME = AccentColor;
				CODE_SIGN_STYLE = Automatic;
				ENABLE_PREVIEWS = YES;
				INFOPLIST_FILE = iOS/Info.plist;
				IPHONEOS_DEPLOYMENT_TARGET = 14.0;
				LD_RUNPATH_SEARCH_PATHS = (
					"$(inherited)",
					"@executable_path/Frameworks",
				);
				PRODUCT_BUNDLE_IDENTIFIER = "com.app.swift.Swift-Project";
				PRODUCT_NAME = "Swift Project";
				SDKROOT = iphoneos;
				SWIFT_VERSION = 5.0;
				TARGETED_DEVICE_FAMILY = "1,2";
				VALIDATE_PRODUCT = YES;
			};
			name = Release;
		};
		6F228E482692A23A0077F101 /* Debug */ = {
			isa = XCBuildConfiguration;
			buildSettings = {
				ASSETCATALOG_COMPILER_APPICON_NAME = AppIcon;
				ASSETCATALOG_COMPILER_GLOBAL_ACCENT_COLOR_NAME = AccentColor;
				CODE_SIGN_ENTITLEMENTS = macOS/macOS.entitlements;
				CODE_SIGN_STYLE = Automatic;
				COMBINE_HIDPI_IMAGES = YES;
				ENABLE_PREVIEWS = YES;
				INFOPLIST_FILE = macOS/Info.plist;
				LD_RUNPATH_SEARCH_PATHS = (
					"$(inherited)",
					"@executable_path/../Frameworks",
				);
				MACOSX_DEPLOYMENT_TARGET = 11.0;
				PRODUCT_BUNDLE_IDENTIFIER = "com.app.swift.Swift-Project";
				PRODUCT_NAME = "Swift Project";
				SDKROOT = macosx;
				SWIFT_VERSION = 5.0;
			};
			name = Debug;
		};
		6F228E492692A23A0077F101 /* Release */ = {
			isa = XCBuildConfiguration;
			buildSettings = {
				ASSETCATALOG_COMPILER_APPICON_NAME = AppIcon;
				ASSETCATALOG_COMPILER_GLOBAL_ACCENT_COLOR_NAME = AccentColor;
				CODE_SIGN_ENTITLEMENTS = macOS/macOS.entitlements;
				CODE_SIGN_STYLE = Automatic;
				COMBINE_HIDPI_IMAGES = YES;
				ENABLE_PREVIEWS = YES;
				INFOPLIST_FILE = macOS/Info.plist;
				LD_RUNPATH_SEARCH_PATHS = (
					"$(inherited)",
					"@executable_path/../Frameworks",
				);
				MACOSX_DEPLOYMENT_TARGET = 11.0;
				PRODUCT_BUNDLE_IDENTIFIER = "com.app.swift.Swift-Project";
				PRODUCT_NAME = "Swift Project";
				SDKROOT = macosx;
				SWIFT_VERSION = 5.0;
			};
			name = Release;
		};
		6F228E4B2692A23A0077F101 /* Debug */ = {
			isa = XCBuildConfiguration;
			buildSettings = {
				ALWAYS_EMBED_SWIFT_STANDARD_LIBRARIES = YES;
				CODE_SIGN_STYLE = Automatic;
				INFOPLIST_FILE = "Tests iOS/Info.plist";
				IPHONEOS_DEPLOYMENT_TARGET = 14.5;
				LD_RUNPATH_SEARCH_PATHS = (
					"$(inherited)",
					"@executable_path/Frameworks",
					"@loader_path/Frameworks",
				);
				PRODUCT_BUNDLE_IDENTIFIER = "com.app.swift.Tests-iOS";
				PRODUCT_NAME = "$(TARGET_NAME)";
				SDKROOT = iphoneos;
				SWIFT_VERSION = 5.0;
				TARGETED_DEVICE_FAMILY = "1,2";
				TEST_TARGET_NAME = "Swift Project (iOS)";
			};
			name = Debug;
		};
		6F228E4C2692A23A0077F101 /* Release */ = {
			isa = XCBuildConfiguration;
			buildSettings = {
				ALWAYS_EMBED_SWIFT_STANDARD_LIBRARIES = YES;
				CODE_SIGN_STYLE = Automatic;
				INFOPLIST_FILE = "Tests iOS/Info.plist";
				IPHONEOS_DEPLOYMENT_TARGET = 14.5;
				LD_RUNPATH_SEARCH_PATHS = (
					"$(inherited)",
					"@executable_path/Frameworks",
					"@loader_path/Frameworks",
				);
				PRODUCT_BUNDLE_IDENTIFIER = "com.app.swift.Tests-iOS";
				PRODUCT_NAME = "$(TARGET_NAME)";
				SDKROOT = iphoneos;
				SWIFT_VERSION = 5.0;
				TARGETED_DEVICE_FAMILY = "1,2";
				TEST_TARGET_NAME = "Swift Project (iOS)";
				VALIDATE_PRODUCT = YES;
			};
			name = Release;
		};
		6F228E4E2692A23A0077F101 /* Debug */ = {
			isa = XCBuildConfiguration;
			buildSettings = {
				ALWAYS_EMBED_SWIFT_STANDARD_LIBRARIES = YES;
				CODE_SIGN_STYLE = Automatic;
				COMBINE_HIDPI_IMAGES = YES;
				INFOPLIST_FILE = "Tests macOS/Info.plist";
				LD_RUNPATH_SEARCH_PATHS = (
					"$(inherited)",
					"@executable_path/../Frameworks",
					"@loader_path/../Frameworks",
				);
				MACOSX_DEPLOYMENT_TARGET = 11.0;
				PRODUCT_BUNDLE_IDENTIFIER = "com.app.swift.Tests-macOS";
				PRODUCT_NAME = "$(TARGET_NAME)";
				SDKROOT = macosx;
				SWIFT_VERSION = 5.0;
				TEST_TARGET_NAME = "Swift Project (macOS)";
			};
			name = Debug;
		};
		6F228E4F2692A23A0077F101 /* Release */ = {
			isa = XCBuildConfiguration;
			buildSettings = {
				ALWAYS_EMBED_SWIFT_STANDARD_LIBRARIES = YES;
				CODE_SIGN_STYLE = Automatic;
				COMBINE_HIDPI_IMAGES = YES;
				INFOPLIST_FILE = "Tests macOS/Info.plist";
				LD_RUNPATH_SEARCH_PATHS = (
					"$(inherited)",
					"@executable_path/../Frameworks",
					"@loader_path/../Frameworks",
				);
				MACOSX_DEPLOYMENT_TARGET = 11.0;
				PRODUCT_BUNDLE_IDENTIFIER = "com.app.swift.Tests-macOS";
				PRODUCT_NAME = "$(TARGET_NAME)";
				SDKROOT = macosx;
				SWIFT_VERSION = 5.0;
				TEST_TARGET_NAME = "Swift Project (macOS)";
			};
			name = Release;
		};
/* End XCBuildConfiguration section */

/* Begin XCConfigurationList section */
		6F228E112692A2390077F101 /* Build configuration list for PBXProject "Swift Project" */ = {
			isa = XCConfigurationList;
			buildConfigurations = (
				6F228E422692A23A0077F101 /* Debug */,
				6F228E432692A23A0077F101 /* Release */,
			);
			defaultConfigurationIsVisible = 0;
			defaultConfigurationName = Release;
		};
		6F228E442692A23A0077F101 /* Build configuration list for PBXNativeTarget "Swift Project (iOS)" */ = {
			isa = XCConfigurationList;
			buildConfigurations = (
				6F228E452692A23A0077F101 /* Debug */,
				6F228E462692A23A0077F101 /* Release */,
			);
			defaultConfigurationIsVisible = 0;
			defaultConfigurationName = Release;
		};
		6F228E472692A23A0077F101 /* Build configuration list for PBXNativeTarget "Swift Project (macOS)" */ = {
			isa = XCConfigurationList;
			buildConfigurations = (
				6F228E482692A23A0077F101 /* Debug */,
				6F228E492692A23A0077F101 /* Release */,
			);
			defaultConfigurationIsVisible = 0;
			defaultConfigurationName = Release;
		};
		6F228E4A2692A23A0077F101 /* Build configuration list for PBXNativeTarget "Tests iOS" */ = {
			isa = XCConfigurationList;
			buildConfigurations = (
				6F228E4B2692A23A0077F101 /* Debug */,
				6F228E4C2692A23A0077F101 /* Release */,
			);
			defaultConfigurationIsVisible = 0;
			defaultConfigurationName = Release;
		};
		6F228E4D2692A23A0077F101 /* Build configuration list for PBXNativeTarget "Tests macOS" */ = {
			isa = XCConfigurationList;
			buildConfigurations = (
				6F228E4E2692A23A0077F101 /* Debug */,
				6F228E4F2692A23A0077F101 /* Release */,
			);
			defaultConfigurationIsVisible = 0;
			defaultConfigurationName = Release;
		};
/* End XCConfigurationList section */
	};
	rootObject = 6F228E0E2692A2390077F101 /* Project object */;
}
